PODS:
  - AFNetworking (3.1.0):
    - AFNetworking/NSURLSession (= 3.1.0)
    - AFNetworking/Reachability (= 3.1.0)
    - AFNetworking/Security (= 3.1.0)
    - AFNetworking/Serialization (= 3.1.0)
    - AFNetworking/UIKit (= 3.1.0)
  - AFNetworking/NSURLSession (3.1.0):
    - AFNetworking/Reachability
    - AFNetworking/Security
    - AFNetworking/Serialization
  - AFNetworking/Reachability (3.1.0)
  - AFNetworking/Security (3.1.0)
  - AFNetworking/Serialization (3.1.0)
  - AFNetworking/UIKit (3.1.0):
    - AFNetworking/NSURLSession
  - AVOSCloud (9.0.2)
  - JCore (1.1.7)
  - JPush (3.0.8):
    - JCore (~> 1.1.7)
  - LeanCloudSocial (2.0.0):
    - AVOSCloud
  - Masonry (1.1.0)
  - MJExtension (3.0.13)
  - MJRefresh (3.1.15.3)
  - PYSearch (0.8.8)
  - Realm (3.0.2):
    - Realm/Headers (= 3.0.2)
  - Realm/Headers (3.0.2)
  - SDWebImage (4.3.3):
    - SDWebImage/Core (= 4.3.3)
  - SDWebImage/Core (4.3.3)
  - SVProgressHUD (2.2.5)
  - UMCAnalytics (5.4.1):
    - UMCCommon
  - UMCCommon (1.4.2)
  - UMCShare/Core (6.8.2):
    - UMCCommon
  - UMCShare/Social/ReducedQQ (6.8.2):
    - UMCCommon
    - UMCShare/Core
  - UMCShare/Social/ReducedSina (6.8.2):
    - UMCCommon
    - UMCShare/Core
  - UMCShare/Social/ReducedWeChat (6.8.2):
    - UMCCommon
    - UMCShare/Core
  - UMCShare/UI (6.8.2):
    - UMCCommon
    - UMCShare/Core
  - ZFPlayer (2.1.6):
    - Masonry

DEPENDENCIES:
  - AFNetworking (= 3.1.0)
  - AVOSCloud
  - JPush
  - LeanCloudSocial
  - MJExtension
  - MJRefresh
  - PYSearch
  - Realm (~> 3.0.2)
  - SDWebImage
  - SVProgressHUD
  - UMCAnalytics
  - UMCShare/Social/ReducedQQ
  - UMCShare/Social/ReducedSina
  - UMCShare/Social/ReducedWeChat
  - UMCShare/UI
  - ZFPlayer

SPEC CHECKSUMS:
  AFNetworking: 5e0e199f73d8626b11e79750991f5d173d1f8b67
  AVOSCloud: 60159585f6c1a152ae8ffe408b3be6054d0bcbce
  JCore: f7459c81c135281a874a6beafdd321666adcc834
  JPush: 9574d072cc37e93fa293ba69b43ce763c440943a
  LeanCloudSocial: 8709feeead2a49311f0fae1cb6fb6ade97708454
  Masonry: 678fab65091a9290e40e2832a55e7ab731aad201
  MJExtension: 5932755f451458eefa24239358817f8d291240c7
  MJRefresh: b48380ae2b927b46c4ef000de9adb8dc748e1df7
  PYSearch: aa3704f283c67667808de6df514c24df03f5f116
  Realm: 6f23fd1f178a09342eac21bfa7c2bf4312a7a180
  SDWebImage: de4d90b5bff3571eae7bd16202b1f43135409fa5
  SVProgressHUD: 1428aafac632c1f86f62aa4243ec12008d7a51d6
  UMCAnalytics: 44e0bb2f442b7aaf97d1c924b58798b612f2c13d
  UMCCommon: 19f09b4c67b6007837f70f321fe091e5814d49b1
  UMCShare: ab74e3c818cd305846609b15b0daf36872213c28
  ZFPlayer: 833cb3974b619bfd01a0ec1ebaabfe6f629e85b4

PODFILE CHECKSUM: c1913c1074e5172132f99f55e84c7585b1ea6fe8

COCOAPODS: 1.4.0
